
Microsoft Visual Studio Solution File, Format Version 12.00
# Visual Studio 15
VisualStudioVersion = 15.0.27703.2000
MinimumVisualStudioVersion = 10.0.40219.1
Project("{9A19103F-16F7-4668-BE54-9A1E7A4F7556}") = "BlueTimeMeter", "BlueTimeMeter\BlueTimeMeter.csproj", "{3C5DD55C-6388-45B0-823D-7E27DCFC6EC9}"
EndProject
Project("{FAE04EC0-301F-11D3-BF4B-00C04F79EFBC}") = "BlueTimeMeter.Tests", "BlueTimeMeter.Tests\BlueTimeMeter.Tests.csproj", "{43039E4E-596F-43DF-AF2D-B6A4BD4F9184}"
EndProject
Global
	GlobalSection(SolutionConfigurationPlatforms) = preSolution
		Debug|Any CPU = Debug|Any CPU
		Release|Any CPU = Release|Any CPU
	EndGlobalSection
	GlobalSection(ProjectConfigurationPlatforms) = postSolution
		{3C5DD55C-6388-45B0-823D-7E27DCFC6EC9}.Debug|Any CPU.ActiveCfg = Debug|Any CPU
		{3C5DD55C-6388-45B0-823D-7E27DCFC6EC9}.Debug|Any CPU.Build.0 = Debug|Any CPU
		{3C5DD55C-6388-45B0-823D-7E27DCFC6EC9}.Release|Any CPU.ActiveCfg = Release|Any CPU
		{3C5DD55C-6388-45B0-823D-7E27DCFC6EC9}.Release|Any CPU.Build.0 = Release|Any CPU
		{43039E4E-596F-43DF-AF2D-B6A4BD4F9184}.Debug|Any CPU.ActiveCfg = Debug|Any CPU
		{43039E4E-596F-43DF-AF2D-B6A4BD4F9184}.Debug|Any CPU.Build.0 = Debug|Any CPU
		{43039E4E-596F-43DF-AF2D-B6A4BD4F9184}.Release|Any CPU.ActiveCfg = Release|Any CPU
		{43039E4E-596F-43DF-AF2D-B6A4BD4F9184}.Release|Any CPU.Build.0 = Release|Any CPU
	EndGlobalSection
	GlobalSection(SolutionProperties) = preSolution
		HideSolutionNode = FALSE
	EndGlobalSection
	GlobalSection(ExtensibilityGlobals) = postSolution
		SolutionGuid = {57BB05E1-3687-44AC-879B-9F3466CBACCE}
	EndGlobalSection
EndGlobal
